
Microsoft Visual Studio Solution File, Format Version 12.00
# Visual Studio 14
VisualStudioVersion = 14.0.25420.1
MinimumVisualStudioVersion = 10.0.40219.1
Project("{FAE04EC0-301F-11D3-BF4B-00C04F79EFBC}") = "SalaryCalculation", "SalaryCalculation\SalaryCalculation.csproj", "{0D61E4F0-5DEF-4FC0-A0AB-223AD4432569}"
EndProject
Project("{FAE04EC0-301F-11D3-BF4B-00C04F79EFBC}") = "Salary.Model", "Salary.Model\Salary.Model.csproj", "{79DEFCA2-F5BE-4EFB-BCCE-AE5AB03A982B}"
EndProject
Project("{FAE04EC0-301F-11D3-BF4B-00C04F79EFBC}") = "Salary.Data", "Salary.Data\Salary.Data.csproj", "{2D3A635D-EABA-4303-89C8-E69A5D2CF991}"
EndProject
Global
	GlobalSection(SolutionConfigurationPlatforms) = preSolution
		Debug|Any CPU = Debug|Any CPU
		Release|Any CPU = Release|Any CPU
	EndGlobalSection
	GlobalSection(ProjectConfigurationPlatforms) = postSolution
		{0D61E4F0-5DEF-4FC0-A0AB-223AD4432569}.Debug|Any CPU.ActiveCfg = Debug|Any CPU
		{0D61E4F0-5DEF-4FC0-A0AB-223AD4432569}.Debug|Any CPU.Build.0 = Debug|Any CPU
		{0D61E4F0-5DEF-4FC0-A0AB-223AD4432569}.Release|Any CPU.ActiveCfg = Release|Any CPU
		{0D61E4F0-5DEF-4FC0-A0AB-223AD4432569}.Release|Any CPU.Build.0 = Release|Any CPU
		{79DEFCA2-F5BE-4EFB-BCCE-AE5AB03A982B}.Debug|Any CPU.ActiveCfg = Debug|Any CPU
		{79DEFCA2-F5BE-4EFB-BCCE-AE5AB03A982B}.Debug|Any CPU.Build.0 = Debug|Any CPU
		{79DEFCA2-F5BE-4EFB-BCCE-AE5AB03A982B}.Release|Any CPU.ActiveCfg = Release|Any CPU
		{79DEFCA2-F5BE-4EFB-BCCE-AE5AB03A982B}.Release|Any CPU.Build.0 = Release|Any CPU
		{2D3A635D-EABA-4303-89C8-E69A5D2CF991}.Debug|Any CPU.ActiveCfg = Debug|Any CPU
		{2D3A635D-EABA-4303-89C8-E69A5D2CF991}.Debug|Any CPU.Build.0 = Debug|Any CPU
		{2D3A635D-EABA-4303-89C8-E69A5D2CF991}.Release|Any CPU.ActiveCfg = Release|Any CPU
		{2D3A635D-EABA-4303-89C8-E69A5D2CF991}.Release|Any CPU.Build.0 = Release|Any CPU
	EndGlobalSection
	GlobalSection(SolutionProperties) = preSolution
		HideSolutionNode = FALSE
	EndGlobalSection
EndGlobal
